
Microsoft Visual Studio Solution File, Format Version 12.00
# Visual Studio 15
VisualStudioVersion = 15.0.28307.136
MinimumVisualStudioVersion = 10.0.40219.1
Project("{FAE04EC0-301F-11D3-BF4B-00C04F79EFBC}") = "Bonus_e", "Bonus_e\Bonus_e.csproj", "{2DBD5400-9D00-4E90-93ED-1826F4C8EEF9}"
EndProject
Global
	GlobalSection(SolutionConfigurationPlatforms) = preSolution
		Debug|Any CPU = Debug|Any CPU
		Release|Any CPU = Release|Any CPU
	EndGlobalSection
	GlobalSection(ProjectConfigurationPlatforms) = postSolution
		{2DBD5400-9D00-4E90-93ED-1826F4C8EEF9}.Debug|Any CPU.ActiveCfg = Debug|Any CPU
		{2DBD5400-9D00-4E90-93ED-1826F4C8EEF9}.Debug|Any CPU.Build.0 = Debug|Any CPU
		{2DBD5400-9D00-4E90-93ED-1826F4C8EEF9}.Release|Any CPU.ActiveCfg = Release|Any CPU
		{2DBD5400-9D00-4E90-93ED-1826F4C8EEF9}.Release|Any CPU.Build.0 = Release|Any CPU
	EndGlobalSection
	GlobalSection(SolutionProperties) = preSolution
		HideSolutionNode = FALSE
	EndGlobalSection
	GlobalSection(ExtensibilityGlobals) = postSolution
		SolutionGuid = {1F3DCEA5-E761-4865-B439-72B87C4DC37A}
	EndGlobalSection
EndGlobal
